
Microsoft Visual Studio Solution File, Format Version 12.00
# Visual Studio Version 17
VisualStudioVersion = 17.8.34316.72
MinimumVisualStudioVersion = 10.0.40219.1
Project("{FAE04EC0-301F-11D3-BF4B-00C04F79EFBC}") = "Catalog.Api", "Catalog.Api.csproj", "{97CE35F8-5348-4E22-87CC-8451A15A2C53}"
EndProject
Global
	GlobalSection(SolutionConfigurationPlatforms) = preSolution
		Debug|Any CPU = Debug|Any CPU
		Release|Any CPU = Release|Any CPU
	EndGlobalSection
	GlobalSection(ProjectConfigurationPlatforms) = postSolution
		{97CE35F8-5348-4E22-87CC-8451A15A2C53}.Debug|Any CPU.ActiveCfg = Debug|Any CPU
		{97CE35F8-5348-4E22-87CC-8451A15A2C53}.Debug|Any CPU.Build.0 = Debug|Any CPU
		{97CE35F8-5348-4E22-87CC-8451A15A2C53}.Release|Any CPU.ActiveCfg = Release|Any CPU
		{97CE35F8-5348-4E22-87CC-8451A15A2C53}.Release|Any CPU.Build.0 = Release|Any CPU
	EndGlobalSection
	GlobalSection(SolutionProperties) = preSolution
		HideSolutionNode = FALSE
	EndGlobalSection
	GlobalSection(ExtensibilityGlobals) = postSolution
		SolutionGuid = {B99773D4-5F99-416C-9ADF-673FEAEF40F9}
	EndGlobalSection
EndGlobal
